dependencies:
- name: opensandbox-controller
  repository: file://../opensandbox-controller
  version: 0.2.0
- name: opensandbox-server
  repository: file://../opensandbox-server
  version: 0.5.0
digest: sha256:6d16304e913d6ec73bc059febee922d4bd57d6e7941ec4c70de2402b2e4bf4d9
generated: "2026-08-20T11:32:15.848059+08:00"
